
Microsoft Visual Studio Solution File, Format Version 12.00
# Visual Studio Version 17
VisualStudioVersion = 17.3.32825.248
MinimumVisualStudioVersion = 10.0.40219.1
Project("{9A19103F-16F7-4668-BE54-9A1E7A4F7556}") = "MyDartsGame", "MyDartsGame.csproj", "{2FD4F9A2-0272-46D7-9C7B-C75AC8139D83}"
EndProject
Global
	GlobalSection(SolutionConfigurationPlatforms) = preSolution
		Debug|Any CPU = Debug|Any CPU
		Release|Any CPU = Release|Any CPU
	EndGlobalSection
	GlobalSection(ProjectConfigurationPlatforms) = postSolution
		{2FD4F9A2-0272-46D7-9C7B-C75AC8139D83}.Debug|Any CPU.ActiveCfg = Debug|Any CPU
		{2FD4F9A2-0272-46D7-9C7B-C75AC8139D83}.Debug|Any CPU.Build.0 = Debug|Any CPU
		{2FD4F9A2-0272-46D7-9C7B-C75AC8139D83}.Release|Any CPU.ActiveCfg = Release|Any CPU
		{2FD4F9A2-0272-46D7-9C7B-C75AC8139D83}.Release|Any CPU.Build.0 = Release|Any CPU
	EndGlobalSection
	GlobalSection(SolutionProperties) = preSolution
		HideSolutionNode = FALSE
	EndGlobalSection
	GlobalSection(ExtensibilityGlobals) = postSolution
		SolutionGuid = {7EC3D7D9-51F2-4F9E-83E3-29647A74A596}
	EndGlobalSection
EndGlobal
